// !$*UTF8*$!
{
	archiveVersion = 1;
	classes = {
	};
	objectVersion = 46;
	objects = {

/* Begin PBXBuildFile section */
		660E7F2A1EDE71B900FCBD11 /* AppDelegate.swift in Sources */ = {isa = PBXBuildFile; fileRef = 660E7F291EDE71B900FCBD11 /* AppDelegate.swift */; };
		660E7F2C1EDE71B900FCBD11 /* ViewController.swift in Sources */ = {isa = PBXBuildFile; fileRef = 660E7F2B1EDE71B900FCBD11 /* ViewController.swift */; };
		660E7F2F1EDE71B900FCBD11 /* Main.storyboard in Resources */ = {isa = PBXBuildFile; fileRef = 660E7F2D1EDE71B900FCBD11 /* Main.storyboard */; };
		660E7F311EDE71B900FCBD11 /* Assets.xcassets in Resources */ = {isa = PBXBuildFile; fileRef = 660E7F301EDE71B900FCBD11 /* Assets.xcassets */; };
		660E7F341EDE71B900FCBD11 /* LaunchScreen.storyboard in Resources */ = {isa = PBXBuildFile; fileRef = 660E7F321EDE71B900FCBD11 /* LaunchScreen.storyboard */; };
		660E7F3F1EDE71B900FCBD11 /* QuizTests.swift in Sources */ = {isa = PBXBuildFile; fileRef = 660E7F3E1EDE71B900FCBD11 /* QuizTests.swift */; };
		660E7F4A1EDE71B900FCBD11 /* QuizUITests.swift in Sources */ = {isa = PBXBuildFile; fileRef = 660E7F491EDE71B900FCBD11 /* QuizUITests.swift */; };
/* End PBXBuildFile section */

/* Begin PBXContainerItemProxy section */
		660E7F3B1EDE71B900FCBD11 /* PBXContainerItemProxy */ = {
			isa = PBXContainerItemProxy;
			containerPortal = 660E7F1E1EDE71B900FCBD11 /* Project object */;
			proxyType = 1;
			remoteGlobalIDString = 660E7F251EDE71B900FCBD11;
			remoteInfo = Quiz;
		};
		660E7F461EDE71B900FCBD11 /* PBXContainerItemProxy */ = {
			isa = PBXContainerItemProxy;
			containerPortal = 660E7F1E1EDE71B900FCBD11 /* Project object */;
			proxyType = 1;
			remoteGlobalIDString = 660E7F251EDE71B900FCBD11;
			remoteInfo = Quiz;
		};
/* End PBXContainerItemProxy section */

/* Begin PBXFileReference section */
		660E7F261EDE71B900FCBD11 /* Quiz.app */ = {isa = PBXFileReference; explicitFileType = wrapper.application; includeInIndex = 0; path = Quiz.app; sourceTree = BUILT_PRODUCTS_DIR; };
		660E7F291EDE71B900FCBD11 /* AppDelegate.swift */ = {isa = PBXFileReference; lastKnownFileType = sourcecode.swift; path = AppDelegate.swift; sourceTree = "<group>"; };
		660E7F2B1EDE71B900FCBD11 /* ViewController.swift */ = {isa = PBXFileReference; lastKnownFileType = sourcecode.swift; path = ViewController.swift; sourceTree = "<group>"; };
		660E7F2E1EDE71B900FCBD11 /* Base */ = {isa = PBXFileReference; lastKnownFileType = file.storyboard; name = Base; path = Base.lproj/Main.storyboard; sourceTree = "<group>"; };
		660E7F301EDE71B900FCBD11 /* Assets.xcassets */ = {isa = PBXFileReference; lastKnownFileType = folder.assetcatalog; path = Assets.xcassets; sourceTree = "<group>"; };
		660E7F331EDE71B900FCBD11 /* Base */ = {isa = PBXFileReference; lastKnownFileType = file.storyboard; name = Base; path = Base.lproj/LaunchScreen.storyboard; sourceTree = "<group>"; };
		660E7F351EDE71B900FCBD11 /* Info.plist */ = {isa = PBXFileReference; lastKnownFileType = text.plist.xml; path = Info.plist; sourceTree = "<group>"; };
		660E7F3A1EDE71B900FCBD11 /* QuizTests.xctest */ = {isa = PBXFileReference; explicitFileType = wrapper.cfbundle; includeInIndex = 0; path = QuizTests.xctest; sourceTree = BUILT_PRODUCTS_DIR; };
		660E7F3E1EDE71B900FCBD11 /* QuizTests.swift */ = {isa = PBXFileReference; lastKnownFileType = sourcecode.swift; path = QuizTests.swift; sourceTree = "<group>"; };
		660E7F401EDE71B900FCBD11 /* Info.plist */ = {isa = PBXFileReference; lastKnownFileType = text.plist.xml; path = Info.plist; sourceTree = "<group>"; };
		660E7F451EDE71B900FCBD11 /* QuizUITests.xctest */ = {isa = PBXFileReference; explicitFileType = wrapper.cfbundle; includeInIndex = 0; path = QuizUITests.xctest; sourceTree = BUILT_PRODUCTS_DIR; };
		660E7F491EDE71B900FCBD11 /* QuizUITests.swift */ = {isa = PBXFileReference; lastKnownFileType = sourcecode.swift; path = QuizUITests.swift; sourceTree = "<group>"; };
		660E7F4B1EDE71B900FCBD11 /* Info.plist */ = {isa = PBXFileReference; lastKnownFileType = text.plist.xml; path = Info.plist; sourceTree = "<group>"; };
/* End PBXFileReference section */

/* Begin PBXFrameworksBuildPhase section */
		660E7F231EDE71B900FCBD11 /* Frameworks */ = {
			isa = PBXFrameworksBuildPhase;
			buildActionMask = 2147483647;
			files = (
			);
			runOnlyForDeploymentPostprocessing = 0;
		};
		660E7F371EDE71B900FCBD11 /* Frameworks */ = {
			isa = PBXFrameworksBuildPhase;
			buildActionMask = 2147483647;
			files = (
			);
			runOnlyForDeploymentPostprocessing = 0;
		};
		660E7F421EDE71B900FCBD11 /* Frameworks */ = {
			isa = PBXFrameworksBuildPhase;
			buildActionMask = 2147483647;
			files = (
			);
			runOnlyForDeploymentPostprocessing = 0;
		};
/* End PBXFrameworksBuildPhase section */

/* Begin PBXGroup section */
		660E7F1D1EDE71B900FCBD11 = {
			isa = PBXGroup;
			children = (
				660E7F281EDE71B900FCBD11 /* Quiz */,
				660E7F3D1EDE71B900FCBD11 /* QuizTests */,
				660E7F481EDE71B900FCBD11 /* QuizUITests */,
				660E7F271EDE71B900FCBD11 /* Products */,
			);
			sourceTree = "<group>";
		};
		660E7F271EDE71B900FCBD11 /* Products */ = {
			isa = PBXGroup;
			children = (
				660E7F261EDE71B900FCBD11 /* Quiz.app */,
				660E7F3A1EDE71B900FCBD11 /* QuizTests.xctest */,
				660E7F451EDE71B900FCBD11 /* QuizUITests.xctest */,
			);
			name = Products;
			sourceTree = "<group>";
		};
		660E7F281EDE71B900FCBD11 /* Quiz */ = {
			isa = PBXGroup;
			children = (
				660E7F291EDE71B900FCBD11 /* AppDelegate.swift */,
				660E7F2B1EDE71B900FCBD11 /* ViewController.swift */,
				660E7F2D1EDE71B900FCBD11 /* Main.storyboard */,
				660E7F301EDE71B900FCBD11 /* Assets.xcassets */,
				660E7F321EDE71B900FCBD11 /* LaunchScreen.storyboard */,
				660E7F351EDE71B900FCBD11 /* Info.plist */,
			);
			path = Quiz;
			sourceTree = "<group>";
		};
		660E7F3D1EDE71B900FCBD11 /* QuizTests */ = {
			isa = PBXGroup;
			children = (
				660E7F3E1EDE71B900FCBD11 /* QuizTests.swift */,
				660E7F401EDE71B900FCBD11 /* Info.plist */,
			);
			path = QuizTests;
			sourceTree = "<group>";
		};
		660E7F481EDE71B900FCBD11 /* QuizUITests */ = {
			isa = PBXGroup;
			children = (
				660E7F491EDE71B900FCBD11 /* QuizUITests.swift */,
				660E7F4B1EDE71B900FCBD11 /* Info.plist */,
			);
			path = QuizUITests;
			sourceTree = "<group>";
		};
/* End PBXGroup section */

/* Begin PBXNativeTarget section */
		660E7F251EDE71B900FCBD11 /* Quiz */ = {
			isa = PBXNativeTarget;
			buildConfigurationList = 660E7F4E1EDE71B900FCBD11 /* Build configuration list for PBXNativeTarget "Quiz" */;
			buildPhases = (
				660E7F221EDE71B900FCBD11 /* Sources */,
				660E7F231EDE71B900FCBD11 /* Frameworks */,
				660E7F241EDE71B900FCBD11 /* Resources */,
			);
			buildRules = (
			);
			dependencies = (
			);
			name = Quiz;
			productName = Quiz;
			productReference = 660E7F261EDE71B900FCBD11 /* Quiz.app */;
			productType = "com.apple.product-type.application";
		};
		660E7F391EDE71B900FCBD11 /* QuizTests */ = {
			isa = PBXNativeTarget;
			buildConfigurationList = 660E7F511EDE71B900FCBD11 /* Build configuration list for PBXNativeTarget "QuizTests" */;
			buildPhases = (
				660E7F361EDE71B900FCBD11 /* Sources */,
				660E7F371EDE71B900FCBD11 /* Frameworks */,
				660E7F381EDE71B900FCBD11 /* Resources */,
			);
			buildRules = (
			);
			dependencies = (
				660E7F3C1EDE71B900FCBD11 /* PBXTargetDependency */,
			);
			name = QuizTests;
			productName = QuizTests;
			productReference = 660E7F3A1EDE71B900FCBD11 /* QuizTests.xctest */;
			productType = "com.apple.product-type.bundle.unit-test";
		};
		660E7F441EDE71B900FCBD11 /* QuizUITests */ = {
			isa = PBXNativeTarget;
			buildConfigurationList = 660E7F541EDE71B900FCBD11 /* Build configuration list for PBXNativeTarget "QuizUITests" */;
			buildPhases = (
				660E7F411EDE71B900FCBD11 /* Sources */,
				660E7F421EDE71B900FCBD11 /* Frameworks */,
				660E7F431EDE71B900FCBD11 /* Resources */,
			);
			buildRules = (
			);
			dependencies = (
				660E7F471EDE71B900FCBD11 /* PBXTargetDependency */,
			);
			name = QuizUITests;
			productName = QuizUITests;
			productReference = 660E7F451EDE71B900FCBD11 /* QuizUITests.xctest */;
			productType = "com.apple.product-type.bundle.ui-testing";
		};
/* End PBXNativeTarget section */

/* Begin PBXProject section */
		660E7F1E1EDE71B900FCBD11 /* Project object */ = {
			isa = PBXProject;
			attributes = {
				LastSwiftUpdateCheck = 0830;
				LastUpgradeCheck = 0830;
				ORGANIZATIONNAME = "Adam Hogan";
				TargetAttributes = {
					660E7F251EDE71B900FCBD11 = {
						CreatedOnToolsVersion = 8.3.2;
						ProvisioningStyle = Automatic;
					};
					660E7F391EDE71B900FCBD11 = {
						CreatedOnToolsVersion = 8.3.2;
						ProvisioningStyle = Automatic;
						TestTargetID = 660E7F251EDE71B900FCBD11;
					};
					660E7F441EDE71B900FCBD11 = {
						CreatedOnToolsVersion = 8.3.2;
						ProvisioningStyle = Automatic;
						TestTargetID = 660E7F251EDE71B900FCBD11;
					};
				};
			};
			buildConfigurationList = 660E7F211EDE71B900FCBD11 /* Build configuration list for PBXProject "Quiz" */;
			compatibilityVersion = "Xcode 3.2";
			developmentRegion = English;
			hasScannedForEncodings = 0;
			knownRegions = (
				en,
				Base,
			);
			mainGroup = 660E7F1D1EDE71B900FCBD11;
			productRefGroup = 660E7F271EDE71B900FCBD11 /* Products */;
			projectDirPath = "";
			projectRoot = "";
			targets = (
				660E7F251EDE71B900FCBD11 /* Quiz */,
				660E7F391EDE71B900FCBD11 /* QuizTests */,
				660E7F441EDE71B900FCBD11 /* QuizUITests */,
			);
		};
/* End PBXProject section */

/* Begin PBXResourcesBuildPhase section */
		660E7F241EDE71B900FCBD11 /* Resources */ = {
			isa = PBXResourcesBuildPhase;
			buildActionMask = 2147483647;
			files = (
				660E7F341EDE71B900FCBD11 /* LaunchScreen.storyboard in Resources */,
				660E7F311EDE71B900FCBD11 /* Assets.xcassets in Resources */,
				660E7F2F1EDE71B900FCBD11 /* Main.storyboard in Resources */,
			);
			runOnlyForDeploymentPostprocessing = 0;
		};
		660E7F381EDE71B900FCBD11 /* Resources */ = {
			isa = PBXResourcesBuildPhase;
			buildActionMask = 2147483647;
			files = (
			);
			runOnlyForDeploymentPostprocessing = 0;
		};
		660E7F431EDE71B900FCBD11 /* Resources */ = {
			isa = PBXResourcesBuildPhase;
			buildActionMask = 2147483647;
			files = (
			);
			runOnlyForDeploymentPostprocessing = 0;
		};
/* End PBXResourcesBuildPhase section */

/* Begin PBXSourcesBuildPhase section */
		660E7F221EDE71B900FCBD11 /* Sources */ = {
			isa = PBXSourcesBuildPhase;
			buildActionMask = 2147483647;
			files = (
				660E7F2C1EDE71B900FCBD11 /* ViewController.swift in Sources */,
				660E7F2A1EDE71B900FCBD11 /* AppDelegate.swift in Sources */,
			);
			runOnlyForDeploymentPostprocessing = 0;
		};
		660E7F361EDE71B900FCBD11 /* Sources */ = {
			isa = PBXSourcesBuildPhase;
			buildActionMask = 2147483647;
			files = (
				660E7F3F1EDE71B900FCBD11 /* QuizTests.swift in Sources */,
			);
			runOnlyForDeploymentPostprocessing = 0;
		};
		660E7F411EDE71B900FCBD11 /* Sources */ = {
			isa = PBXSourcesBuildPhase;
			buildActionMask = 2147483647;
			files = (
				660E7F4A1EDE71B900FCBD11 /* QuizUITests.swift in Sources */,
			);
			runOnlyForDeploymentPostprocessing = 0;
		};
/* End PBXSourcesBuildPhase section */

/* Begin PBXTargetDependency section */
		660E7F3C1EDE71B900FCBD11 /* PBXTargetDependency */ = {
			isa = PBXTargetDependency;
			target = 660E7F251EDE71B900FCBD11 /* Quiz */;
			targetProxy = 660E7F3B1EDE71B900FCBD11 /* PBXContainerItemProxy */;
		};
		660E7F471EDE71B900FCBD11 /* PBXTargetDependency */ = {
			isa = PBXTargetDependency;
			target = 660E7F251EDE71B900FCBD11 /* Quiz */;
			targetProxy = 660E7F461EDE71B900FCBD11 /* PBXContainerItemProxy */;
		};
/* End PBXTargetDependency section */

/* Begin PBXVariantGroup section */
		660E7F2D1EDE71B900FCBD11 /* Main.storyboard */ = {
			isa = PBXVariantGroup;
			children = (
				660E7F2E1EDE71B900FCBD11 /* Base */,
			);
			name = Main.storyboard;
			sourceTree = "<group>";
		};
		660E7F321EDE71B900FCBD11 /* LaunchScreen.storyboard */ = {
			isa = PBXVariantGroup;
			children = (
				660E7F331EDE71B900FCBD11 /* Base */,
			);
			name = LaunchScreen.storyboard;
			sourceTree = "<group>";
		};
/* End PBXVariantGroup section */

/* Begin XCBuildConfiguration section */
		660E7F4C1EDE71B900FCBD11 /* Debug */ = {
			isa = XCBuildConfiguration;
			buildSettings = {
				ALWAYS_SEARCH_USER_PATHS = NO;
				CLANG_ANALYZER_NONNULL = YES;
				CLANG_ANALYZER_NUMBER_OBJECT_CONVERSION = YES_AGGRESSIVE;
				CLANG_CXX_LANGUAGE_STANDARD = "gnu++0x";
				CLANG_CXX_LIBRARY = "libc++";
				CLANG_ENABLE_MODULES = YES;
				CLANG_ENABLE_OBJC_ARC = YES;
				CLANG_WARN_BOOL_CONVERSION = YES;
				CLANG_WARN_CONSTANT_CONVERSION = YES;
				CLANG_WARN_DIRECT_OBJC_ISA_USAGE = YES_ERROR;
				CLANG_WARN_DOCUMENTATION_COMMENTS = YES;
				CLANG_WARN_EMPTY_BODY = YES;
				CLANG_WARN_ENUM_CONVERSION = YES;
				CLANG_WARN_INFINITE_RECURSION = YES;
				CLANG_WARN_INT_CONVERSION = YES;
				CLANG_WARN_OBJC_ROOT_CLASS = YES_ERROR;
				CLANG_WARN_SUSPICIOUS_MOVE = YES;
				CLANG_WARN_UNREACHABLE_CODE = YES;
				CLANG_WARN__DUPLICATE_METHOD_MATCH = YES;
				"CODE_SIGN_IDENTITY[sdk=iphoneos*]" = "iPhone Developer";
				COPY_PHASE_STRIP = NO;
				DEBUG_INFORMATION_FORMAT = dwarf;
				ENABLE_STRICT_OBJC_MSGSEND = YES;
				ENABLE_TESTABILITY = YES;
				GCC_C_LANGUAGE_STANDARD = gnu99;
				GCC_DYNAMIC_NO_PIC = NO;
				GCC_NO_COMMON_BLOCKS = YES;
				GCC_OPTIMIZATION_LEVEL = 0;
				GCC_PREPROCESSOR_DEFINITIONS = (
					"DEBUG=1",
					"$(inherited)",
				);
				GCC_WARN_64_TO_32_BIT_CONVERSION = YES;
				GCC_WARN_ABOUT_RETURN_TYPE = YES_ERROR;
				GCC_WARN_UNDECLARED_SELECTOR = YES;
				GCC_WARN_UNINITIALIZED_AUTOS = YES_AGGRESSIVE;
				GCC_WARN_UNUSED_FUNCTION = YES;
				GCC_WARN_UNUSED_VARIABLE = YES;
				IPHONEOS_DEPLOYMENT_TARGET = 10.3;
				MTL_ENABLE_DEBUG_INFO = YES;
				ONLY_ACTIVE_ARCH = YES;
				SDKROOT = iphoneos;
				SWIFT_ACTIVE_COMPILATION_CONDITIONS = DEBUG;
				SWIFT_OPTIMIZATION_LEVEL = "-Onone";
				TARGETED_DEVICE_FAMILY = "1,2";
			};
			name = Debug;
		};
		660E7F4D1EDE71B900FCBD11 /* Release */ = {
			isa = XCBuildConfiguration;
			buildSettings = {
				ALWAYS_SEARCH_USER_PATHS = NO;
				CLANG_ANALYZER_NONNULL = YES;
				CLANG_ANALYZER_NUMBER_OBJECT_CONVERSION = YES_AGGRESSIVE;
				CLANG_CXX_LANGUAGE_STANDARD = "gnu++0x";
				CLANG_CXX_LIBRARY = "libc++";
				CLANG_ENABLE_MODULES = YES;
				CLANG_ENABLE_OBJC_ARC = YES;
				CLANG_WARN_BOOL_CONVERSION = YES;
				CLANG_WARN_CONSTANT_CONVERSION = YES;
				CLANG_WARN_DIRECT_OBJC_ISA_USAGE = YES_ERROR;
				CLANG_WARN_DOCUMENTATION_COMMENTS = YES;
				CLANG_WARN_EMPTY_BODY = YES;
				CLANG_WARN_ENUM_CONVERSION = YES;
				CLANG_WARN_INFINITE_RECURSION = YES;
				CLANG_WARN_INT_CONVERSION = YES;
				CLANG_WARN_OBJC_ROOT_CLASS = YES_ERROR;
				CLANG_WARN_SUSPICIOUS_MOVE = YES;
				CLANG_WARN_UNREACHABLE_CODE = YES;
				CLANG_WARN__DUPLICATE_METHOD_MATCH = YES;
				"CODE_SIGN_IDENTITY[sdk=iphoneos*]" = "iPhone Developer";
				COPY_PHASE_STRIP = NO;
				DEBUG_INFORMATION_FORMAT = "dwarf-with-dsym";
				ENABLE_NS_ASSERTIONS = NO;
				ENABLE_STRICT_OBJC_MSGSEND = YES;
				GCC_C_LANGUAGE_STANDARD = gnu99;
				GCC_NO_COMMON_BLOCKS = YES;
				GCC_WARN_64_TO_32_BIT_CONVERSION = YES;
				GCC_WARN_ABOUT_RETURN_TYPE = YES_ERROR;
				GCC_WARN_UNDECLARED_SELECTOR = YES;
				GCC_WARN_UNINITIALIZED_AUTOS = YES_AGGRESSIVE;
				GCC_WARN_UNUSED_FUNCTION = YES;
				GCC_WARN_UNUSED_VARIABLE = YES;
				IPHONEOS_DEPLOYMENT_TARGET = 10.3;
				MTL_ENABLE_DEBUG_INFO = NO;
				SDKROOT = iphoneos;
				SWIFT_OPTIMIZATION_LEVEL = "-Owholemodule";
				TARGETED_DEVICE_FAMILY = "1,2";
				VALIDATE_PRODUCT = YES;
			};
			name = Release;
		};
		660E7F4F1EDE71B900FCBD11 /* Debug */ = {
			isa = XCBuildConfiguration;
			buildSettings = {
				ASSETCATALOG_COMPILER_APPICON_NAME = AppIcon;
				INFOPLIST_FILE = Quiz/Info.plist;
				LD_RUNPATH_SEARCH_PATHS = "$(inherited) @executable_path/Frameworks";
				PRODUCT_BUNDLE_IDENTIFIER = Grimes.Quiz;
				PRODUCT_NAME = "$(TARGET_NAME)";
				SWIFT_VERSION = 3.0;
			};
			name = Debug;
		};
		660E7F501EDE71B900FCBD11 /* Release */ = {
			isa = XCBuildConfiguration;
			buildSettings = {
				ASSETCATALOG_COMPILER_APPICON_NAME = AppIcon;
				INFOPLIST_FILE = Quiz/Info.plist;
				LD_RUNPATH_SEARCH_PATHS = "$(inherited) @executable_path/Frameworks";
				PRODUCT_BUNDLE_IDENTIFIER = Grimes.Quiz;
				PRODUCT_NAME = "$(TARGET_NAME)";
				SWIFT_VERSION = 3.0;
			};
			name = Release;
		};
		660E7F521EDE71B900FCBD11 /* Debug */ = {
			isa = XCBuildConfiguration;
			buildSettings = {
				ALWAYS_EMBED_SWIFT_STANDARD_LIBRARIES = YES;
				BUNDLE_LOADER = "$(TEST_HOST)";
				INFOPLIST_FILE = QuizTests/Info.plist;
				LD_RUNPATH_SEARCH_PATHS = "$(inherited) @executable_path/Frameworks @loader_path/Frameworks";
				PRODUCT_BUNDLE_IDENTIFIER = Grimes.QuizTests;
				PRODUCT_NAME = "$(TARGET_NAME)";
				SWIFT_VERSION = 3.0;
				TEST_HOST = "$(BUILT_PRODUCTS_DIR)/Quiz.app/Quiz";
			};
			name = Debug;
		};
		660E7F531EDE71B900FCBD11 /* Release */ = {
			isa = XCBuildConfiguration;
			buildSettings = {
				ALWAYS_EMBED_SWIFT_STANDARD_LIBRARIES = YES;
				BUNDLE_LOADER = "$(TEST_HOST)";
				INFOPLIST_FILE = QuizTests/Info.plist;
				LD_RUNPATH_SEARCH_PATHS = "$(inherited) @executable_path/Frameworks @loader_path/Frameworks";
				PRODUCT_BUNDLE_IDENTIFIER = Grimes.QuizTests;
				PRODUCT_NAME = "$(TARGET_NAME)";
				SWIFT_VERSION = 3.0;
				TEST_HOST = "$(BUILT_PRODUCTS_DIR)/Quiz.app/Quiz";
			};
			name = Release;
		};
		660E7F551EDE71B900FCBD11 /* Debug */ = {
			isa = XCBuildConfiguration;
			buildSettings = {
				ALWAYS_EMBED_SWIFT_STANDARD_LIBRARIES = YES;
				INFOPLIST_FILE = QuizUITests/Info.plist;
				LD_RUNPATH_SEARCH_PATHS = "$(inherited) @executable_path/Frameworks @loader_path/Frameworks";
				PRODUCT_BUNDLE_IDENTIFIER = Grimes.QuizUITests;
				PRODUCT_NAME = "$(TARGET_NAME)";
				SWIFT_VERSION = 3.0;
				TEST_TARGET_NAME = Quiz;
			};
			name = Debug;
		};
		660E7F561EDE71B900FCBD11 /* Release */ = {
			isa = XCBuildConfiguration;
			buildSettings = {
				ALWAYS_EMBED_SWIFT_STANDARD_LIBRARIES = YES;
				INFOPLIST_FILE = QuizUITests/Info.plist;
				LD_RUNPATH_SEARCH_PATHS = "$(inherited) @executable_path/Frameworks @loader_path/Frameworks";
				PRODUCT_BUNDLE_IDENTIFIER = Grimes.QuizUITests;
				PRODUCT_NAME = "$(TARGET_NAME)";
				SWIFT_VERSION = 3.0;
				TEST_TARGET_NAME = Quiz;
			};
			name = Release;
		};
/* End XCBuildConfiguration section */

/* Begin XCConfigurationList section */
		660E7F211EDE71B900FCBD11 /* Build configuration list for PBXProject "Quiz" */ = {
			isa = XCConfigurationList;
			buildConfigurations = (
				660E7F4C1EDE71B900FCBD11 /* Debug */,
				660E7F4D1EDE71B900FCBD11 /* Release */,
			);
			defaultConfigurationIsVisible = 0;
			defaultConfigurationName = Release;
		};
		660E7F4E1EDE71B900FCBD11 /* Build configuration list for PBXNativeTarget "Quiz" */ = {
			isa = XCConfigurationList;
			buildConfigurations = (
				660E7F4F1EDE71B900FCBD11 /* Debug */,
				660E7F501EDE71B900FCBD11 /* Release */,
			);
			defaultConfigurationIsVisible = 0;
		};
		660E7F511EDE71B900FCBD11 /* Build configuration list for PBXNativeTarget "QuizTests" */ = {
			isa = XCConfigurationList;
			buildConfigurations = (
				660E7F521EDE71B900FCBD11 /* Debug */,
				660E7F531EDE71B900FCBD11 /* Release */,
			);
			defaultConfigurationIsVisible = 0;
		};
		660E7F541EDE71B900FCBD11 /* Build configuration list for PBXNativeTarget "QuizUITests" */ = {
			isa = XCConfigurationList;
			buildConfigurations = (
				660E7F551EDE71B900FCBD11 /* Debug */,
				660E7F561EDE71B900FCBD11 /* Release */,
			);
			defaultConfigurationIsVisible = 0;
		};
/* End XCConfigurationList section */
	};
	rootObject = 660E7F1E1EDE71B900FCBD11 /* Project object */;
}
